
Microsoft Visual Studio Solution File, Format Version 12.00
# Visual Studio Version 17
VisualStudioVersion = 17.6.33829.357
MinimumVisualStudioVersion = 10.0.40219.1
Project("{FAE04EC0-301F-11D3-BF4B-00C04F79EFBC}") = "Day1Exercise", "Day1Exercise\Day1Exercise.csproj", "{250D48A2-E570-4C33-B806-43B9756A4A2B}"
EndProject
Global
	GlobalSection(SolutionConfigurationPlatforms) = preSolution
		Debug|Any CPU = Debug|Any CPU
		Release|Any CPU = Release|Any CPU
	EndGlobalSection
	GlobalSection(ProjectConfigurationPlatforms) = postSolution
		{250D48A2-E570-4C33-B806-43B9756A4A2B}.Debug|Any CPU.ActiveCfg = Debug|Any CPU
		{250D48A2-E570-4C33-B806-43B9756A4A2B}.Debug|Any CPU.Build.0 = Debug|Any CPU
		{250D48A2-E570-4C33-B806-43B9756A4A2B}.Release|Any CPU.ActiveCfg = Release|Any CPU
		{250D48A2-E570-4C33-B806-43B9756A4A2B}.Release|Any CPU.Build.0 = Release|Any CPU
	EndGlobalSection
	GlobalSection(SolutionProperties) = preSolution
		HideSolutionNode = FALSE
	EndGlobalSection
	GlobalSection(ExtensibilityGlobals) = postSolution
		SolutionGuid = {2B6BFDFB-E148-4695-A46F-FBB4D08A23C2}
	EndGlobalSection
EndGlobal
